
Microsoft Visual Studio Solution File, Format Version 12.00
# Visual Studio Version 17
VisualStudioVersion = 17.5.002.0
MinimumVisualStudioVersion = 10.0.40219.1
Project("{9A19103F-16F7-4668-BE54-9A1E7A4F7556}") = "WorkplaceApp", "WorkplaceApp.csproj", "{BA859904-C2B9-4C62-A5F8-5048C7100E39}"
EndProject
Global
	GlobalSection(SolutionConfigurationPlatforms) = preSolution
		Debug|Any CPU = Debug|Any CPU
		Release|Any CPU = Release|Any CPU
	EndGlobalSection
	GlobalSection(ProjectConfigurationPlatforms) = postSolution
		{BA859904-C2B9-4C62-A5F8-5048C7100E39}.Debug|Any CPU.ActiveCfg = Debug|Any CPU
		{BA859904-C2B9-4C62-A5F8-5048C7100E39}.Debug|Any CPU.Build.0 = Debug|Any CPU
		{BA859904-C2B9-4C62-A5F8-5048C7100E39}.Release|Any CPU.ActiveCfg = Release|Any CPU
		{BA859904-C2B9-4C62-A5F8-5048C7100E39}.Release|Any CPU.Build.0 = Release|Any CPU
	EndGlobalSection
	GlobalSection(SolutionProperties) = preSolution
		HideSolutionNode = FALSE
	EndGlobalSection
	GlobalSection(ExtensibilityGlobals) = postSolution
		SolutionGuid = {7594F4A9-C416-458A-B0F7-D2C55BEDE89E}
	EndGlobalSection
EndGlobal
